
Microsoft Visual Studio Solution File, Format Version 12.00
# Visual Studio Version 17
Project("{8BC9CEB8-8B4A-11D0-8D11-00A0C91BC942}") = "ALL_BUILD", "ALL_BUILD.vcxproj", "{92202927-03C3-3C2F-9AA0-84D6275DC3F6}"
	ProjectSection(ProjectDependencies) = postProject
		{F1F922B5-B965-301A-93A4-5B542DB13124} = {F1F922B5-B965-301A-93A4-5B542DB13124}
		{E434D1CA-2CC8-319A-AF35-7A729E78544D} = {E434D1CA-2CC8-319A-AF35-7A729E78544D}
		{2846CC65-041A-31B0-8629-80A5D5F57FB6} = {2846CC65-041A-31B0-8629-80A5D5F57FB6}
	EndProjectSection
EndProject
Project("{8BC9CEB8-8B4A-11D0-8D11-00A0C91BC942}") = "PPUViewer", "PPUViewer.vcxproj", "{F1F922B5-B965-301A-93A4-5B542DB13124}"
	ProjectSection(ProjectDependencies) = postProject
		{E434D1CA-2CC8-319A-AF35-7A729E78544D} = {E434D1CA-2CC8-319A-AF35-7A729E78544D}
	EndProjectSection
EndProject
Project("{8BC9CEB8-8B4A-11D0-8D11-00A0C91BC942}") = "ZERO_CHECK", "ZERO_CHECK.vcxproj", "{E434D1CA-2CC8-319A-AF35-7A729E78544D}"
	ProjectSection(ProjectDependencies) = postProject
	EndProjectSection
EndProject
Project("{8BC9CEB8-8B4A-11D0-8D11-00A0C91BC942}") = "baselib", "baselib\baselib.vcxproj", "{2846CC65-041A-31B0-8629-80A5D5F57FB6}"
	ProjectSection(ProjectDependencies) = postProject
		{E434D1CA-2CC8-319A-AF35-7A729E78544D} = {E434D1CA-2CC8-319A-AF35-7A729E78544D}
	EndProjectSection
EndProject
Global
	GlobalSection(SolutionConfigurationPlatforms) = preSolution
		Debug|x64 = Debug|x64
		Release|x64 = Release|x64
		MinSizeRel|x64 = MinSizeRel|x64
		RelWithDebInfo|x64 = RelWithDebInfo|x64
	EndGlobalSection
	GlobalSection(ProjectConfigurationPlatforms) = postSolution
		{92202927-03C3-3C2F-9AA0-84D6275DC3F6}.Debug|x64.ActiveCfg = Debug|x64
		{92202927-03C3-3C2F-9AA0-84D6275DC3F6}.Release|x64.ActiveCfg = Release|x64
		{92202927-03C3-3C2F-9AA0-84D6275DC3F6}.MinSizeRel|x64.ActiveCfg = MinSizeRel|x64
		{92202927-03C3-3C2F-9AA0-84D6275DC3F6}.RelWithDebInfo|x64.ActiveCfg = RelWithDebInfo|x64
		{F1F922B5-B965-301A-93A4-5B542DB13124}.Debug|x64.ActiveCfg = Debug|x64
		{F1F922B5-B965-301A-93A4-5B542DB13124}.Debug|x64.Build.0 = Debug|x64
		{F1F922B5-B965-301A-93A4-5B542DB13124}.Release|x64.ActiveCfg = Release|x64
		{F1F922B5-B965-301A-93A4-5B542DB13124}.Release|x64.Build.0 = Release|x64
		{F1F922B5-B965-301A-93A4-5B542DB13124}.MinSizeRel|x64.ActiveCfg = MinSizeRel|x64
		{F1F922B5-B965-301A-93A4-5B542DB13124}.MinSizeRel|x64.Build.0 = MinSizeRel|x64
		{F1F922B5-B965-301A-93A4-5B542DB13124}.RelWithDebInfo|x64.ActiveCfg = RelWithDebInfo|x64
		{F1F922B5-B965-301A-93A4-5B542DB13124}.RelWithDebInfo|x64.Build.0 = RelWithDebInfo|x64
		{E434D1CA-2CC8-319A-AF35-7A729E78544D}.Debug|x64.ActiveCfg = Debug|x64
		{E434D1CA-2CC8-319A-AF35-7A729E78544D}.Debug|x64.Build.0 = Debug|x64
		{E434D1CA-2CC8-319A-AF35-7A729E78544D}.Release|x64.ActiveCfg = Release|x64
		{E434D1CA-2CC8-319A-AF35-7A729E78544D}.Release|x64.Build.0 = Release|x64
		{E434D1CA-2CC8-319A-AF35-7A729E78544D}.MinSizeRel|x64.ActiveCfg = MinSizeRel|x64
		{E434D1CA-2CC8-319A-AF35-7A729E78544D}.MinSizeRel|x64.Build.0 = MinSizeRel|x64
		{E434D1CA-2CC8-319A-AF35-7A729E78544D}.RelWithDebInfo|x64.ActiveCfg = RelWithDebInfo|x64
		{E434D1CA-2CC8-319A-AF35-7A729E78544D}.RelWithDebInfo|x64.Build.0 = RelWithDebInfo|x64
		{2846CC65-041A-31B0-8629-80A5D5F57FB6}.Debug|x64.ActiveCfg = Debug|x64
		{2846CC65-041A-31B0-8629-80A5D5F57FB6}.Debug|x64.Build.0 = Debug|x64
		{2846CC65-041A-31B0-8629-80A5D5F57FB6}.Release|x64.ActiveCfg = Release|x64
		{2846CC65-041A-31B0-8629-80A5D5F57FB6}.Release|x64.Build.0 = Release|x64
		{2846CC65-041A-31B0-8629-80A5D5F57FB6}.MinSizeRel|x64.ActiveCfg = MinSizeRel|x64
		{2846CC65-041A-31B0-8629-80A5D5F57FB6}.MinSizeRel|x64.Build.0 = MinSizeRel|x64
		{2846CC65-041A-31B0-8629-80A5D5F57FB6}.RelWithDebInfo|x64.ActiveCfg = RelWithDebInfo|x64
		{2846CC65-041A-31B0-8629-80A5D5F57FB6}.RelWithDebInfo|x64.Build.0 = RelWithDebInfo|x64
	EndGlobalSection
	GlobalSection(ExtensibilityGlobals) = postSolution
		SolutionGuid = {50C1C724-6A74-3BD9-B9BC-B189D8B4B429}
	EndGlobalSection
	GlobalSection(ExtensibilityAddIns) = postSolution
	EndGlobalSection
EndGlobal
