<?xml version="1.0" encoding="utf-8"?>
<Project ToolsVersion="17.0" xmlns="http://schemas.microsoft.com/developer/msbuild/2003">
  <ItemGroup>
    <ClCompile Include="D:\hw4fin\h4\PPUViewer_autogen\mocs_compilation_Debug.cpp">
      <Filter>Source Files</Filter>
    </ClCompile>
    <ClCompile Include="D:\hw4fin\hw4o\PPUViewer2024-addLighting\main.cpp">
      <Filter>Source Files</Filter>
    </ClCompile>
    <ClCompile Include="D:\hw4fin\hw4o\PPUViewer2024-addLighting\PPUViewer.cpp">
      <Filter>Source Files</Filter>
    </ClCompile>
    <ClCompile Include="D:\hw4fin\hw4o\PPUViewer2024-addLighting\RenderWidget.cpp">
      <Filter>Source Files</Filter>
    </ClCompile>
    <ClCompile Include="D:\hw4fin\hw4o\PPUViewer2024-addLighting\IO\MeshModel.cpp">
      <Filter>Source Files</Filter>
    </ClCompile>
    <ClCompile Include="D:\hw4fin\hw4o\PPUViewer2024-addLighting\IO\l3ds.cpp">
      <Filter>Source Files</Filter>
    </ClCompile>
    <ClCompile Include="D:\hw4fin\h4\PPUViewer_autogen\mocs_compilation_Release.cpp">
      <Filter>Source Files</Filter>
    </ClCompile>
    <ClCompile Include="D:\hw4fin\h4\PPUViewer_autogen\mocs_compilation_MinSizeRel.cpp">
      <Filter>Source Files</Filter>
    </ClCompile>
    <ClCompile Include="D:\hw4fin\h4\PPUViewer_autogen\mocs_compilation_RelWithDebInfo.cpp">
      <Filter>Source Files</Filter>
    </ClCompile>
  </ItemGroup>
  <ItemGroup>
    <ClInclude Include="D:\hw4fin\hw4o\PPUViewer2024-addLighting\PPUViewer.h">
      <Filter>Header Files</Filter>
    </ClInclude>
    <ClInclude Include="D:\hw4fin\hw4o\PPUViewer2024-addLighting\RenderWidget.h">
      <Filter>Header Files</Filter>
    </ClInclude>
    <ClInclude Include="D:\hw4fin\hw4o\PPUViewer2024-addLighting\IO\MeshModel.h">
      <Filter>Header Files</Filter>
    </ClInclude>
    <ClInclude Include="D:\hw4fin\hw4o\PPUViewer2024-addLighting\IO\l3ds.h">
      <Filter>Header Files</Filter>
    </ClInclude>
  </ItemGroup>
  <ItemGroup>
    <CustomBuild Include="D:\hw4fin\hw4o\PPUViewer2024-addLighting\CMakeLists.txt" />
  </ItemGroup>
  <ItemGroup>
    <Filter Include="Header Files">
      <UniqueIdentifier>{B2686932-09CC-3799-BBE6-5B71EA9E1FB9}</UniqueIdentifier>
    </Filter>
    <Filter Include="Source Files">
      <UniqueIdentifier>{7B68D2B8-1A73-3B60-992D-C581B99F687A}</UniqueIdentifier>
    </Filter>
  </ItemGroup>
</Project>
